
Microsoft Visual Studio Solution File, Format Version 12.00
# Visual Studio Version 17
VisualStudioVersion = 17.0.31612.314
MinimumVisualStudioVersion = 10.0.40219.1
Project("{FAE04EC0-301F-11D3-BF4B-00C04F79EFBC}") = "Bookcase.Api", "Bookcase.Api\Bookcase.Api.csproj", "{6E3B05EB-C13E-4D08-AADF-C9FD1A14FA27}"
EndProject
Global
	GlobalSection(SolutionConfigurationPlatforms) = preSolution
		Debug|Any CPU = Debug|Any CPU
		Release|Any CPU = Release|Any CPU
	EndGlobalSection
	GlobalSection(ProjectConfigurationPlatforms) = postSolution
		{6E3B05EB-C13E-4D08-AADF-C9FD1A14FA27}.Debug|Any CPU.ActiveCfg = Debug|Any CPU
		{6E3B05EB-C13E-4D08-AADF-C9FD1A14FA27}.Debug|Any CPU.Build.0 = Debug|Any CPU
		{6E3B05EB-C13E-4D08-AADF-C9FD1A14FA27}.Release|Any CPU.ActiveCfg = Release|Any CPU
		{6E3B05EB-C13E-4D08-AADF-C9FD1A14FA27}.Release|Any CPU.Build.0 = Release|Any CPU
	EndGlobalSection
	GlobalSection(SolutionProperties) = preSolution
		HideSolutionNode = FALSE
	EndGlobalSection
	GlobalSection(ExtensibilityGlobals) = postSolution
		SolutionGuid = {9A2A9C73-9DD0-4DE9-9FCF-794D2F7EEC5D}
	EndGlobalSection
EndGlobal
